# THIS IS AN AUTOGENERATED FILE. DO NOT EDIT THIS FILE DIRECTLY.
# yarn lockfile v1


"@types/node@~12":
  version "12.20.37"
  resolved "https://registry.yarnpkg.com/@types/node/-/node-12.20.37.tgz#abb38afa9d6e8a2f627a8cb52290b3c80fbe61ed"
  integrity sha512-i1KGxqcvJaLQali+WuypQnXwcplhtNtjs66eNsZpp2P2FL/trJJxx/VWsM0YCL2iMoIJrbXje48lvIQAQ4p2ZA==

"@types/vscode@~1.57.0":
  version "1.57.1"
  resolved "https://registry.yarnpkg.com/@types/vscode/-/vscode-1.57.1.tgz#f07f366d1f2c4cc8d53d1ad562c916f5c8a8b1e1"
  integrity sha512-I+NlKdnDnUZZ5HYu3F99ye3ERORnoqdyPer6nXVC7ToU/4WEjrCQOlLosmLyVoi75+UbKCJMFqTgeZuID+8yoA==

crypto@^1.0.1:
  version "1.0.1"
  resolved "https://registry.yarnpkg.com/crypto/-/crypto-1.0.1.tgz#2af1b7cad8175d24c8a1b0778255794a21803037"
  integrity sha512-VxBKmeNcqQdiUQUW2Tzq0t377b54N2bMtXO/qiLa+6eRRmmC4qT3D4OnTGoT/U6O9aklQ/jTwbOtRMTTY8G0Ig==
